{
  "name": "pi-config",
  "version": "1.0.0",
  "lockfileVersion": 3,
  "requires": true,
  "packages": {
    "": {
      "name": "pi-config",
      "version": "1.0.0",
      "bundleDependencies": [
        "pi-subagents"
      ],
      "dependencies": {
        "pi-subagents": "^0.11.12"
      }
    },
    "node_modules/pi-subagents": {
      "version": "0.11.12",
      "resolved": "https://artifacts-4g-798191538308.d.codeartifact.us-east-1.amazonaws.com/npm/npm-store/pi-subagents/-/pi-subagents-0.11.12.tgz",
      "integrity": "sha512-LpozMBzQ1lpBhdsd2jzcjxgzg0COrwtz8p23L/DNCZGx5RtwaJOqo7gt78hHZ3Zujd8pIHgU8eU/5QiVBJLsWg==",
      "inBundle": true,
      "license": "MIT",
      "bin": {
        "pi-subagents": "install.mjs"
      }
    }
  }
}
