{
  "name": "pi-config",
  "version": "1.0.0",
  "lockfileVersion": 3,
  "requires": true,
  "packages": {
    "": {
      "name": "pi-config",
      "version": "1.0.0",
      "bundleDependencies": [
        "pi-superpowers"
      ],
      "dependencies": {
        "pi-superpowers": "^0.2.0"
      }
    },
    "node_modules/pi-superpowers": {
      "version": "0.2.0",
      "resolved": "https://artifacts-4g-798191538308.d.codeartifact.us-east-1.amazonaws.com/npm/npm-store/pi-superpowers/-/pi-superpowers-0.2.0.tgz",
      "integrity": "sha512-MaDDeSWjZBHFsGLhg+m1xQbJ4PiVp9A4fFGzzlapm33elkh/MSPR/LEo+VENCpqJK/nvWIabtWq7H0nkO5llEg==",
      "inBundle": true,
      "license": "MIT",
      "peerDependencies": {
        "@mariozechner/pi-ai": "*",
        "@mariozechner/pi-coding-agent": "*",
        "@mariozechner/pi-tui": "*",
        "@sinclair/typebox": "*"
      }
    }
  }
}
